
Microsoft Visual Studio Solution File, Format Version 12.00
Project("{FAE04EC0-301F-11D3-BF4B-00C04F79EFBC}") = "ET.WebAPI.Api", "ET.WebAPI.API\ET.WebAPI.Api.csproj", "{65BE5F20-5465-4240-B5A8-E850C3F33B2B}"
EndProject
Project("{FAE04EC0-301F-11D3-BF4B-00C04F79EFBC}") = "ET.WebAPI.Kernel", "ET.WebAPI.Kernel\ET.WebAPI.Kernel.csproj", "{27EF4FD2-8E07-470B-AD8B-3F49ABA7A697}"
EndProject
Project("{FAE04EC0-301F-11D3-BF4B-00C04F79EFBC}") = "ET.WebAPI.DatabaseAccess", "ET.WebAPI.DatabaseAccess\ET.WebAPI.DatabaseAccess.csproj", "{5F27D33B-CE9A-44FE-82E6-5C58DB67AB48}"
EndProject
Project("{FAE04EC0-301F-11D3-BF4B-00C04F79EFBC}") = "ET.WebAPI.BusinessLogic", "ET.WebAPI.BusinessLogic\ET.WebAPI.BusinessLogic.csproj", "{04CB4DCB-E026-48BC-B2A7-02A2D88C9293}"
EndProject
Project("{FAE04EC0-301F-11D3-BF4B-00C04F79EFBC}") = "ET.WebAPI.Kernel.Tests.Unit", "ET.WebAPI.Kernel.Tests.Unit\ET.WebAPI.Kernel.Tests.Unit.csproj", "{9B1FF0F6-AC63-4F82-ADBE-8F57D6A0D2A6}"
EndProject
Project("{FAE04EC0-301F-11D3-BF4B-00C04F79EFBC}") = "ET.WebAPI.Api.Tests.Unit", "ET.WebAPI.Api.Tests.Unit\ET.WebAPI.Api.Tests.Unit.csproj", "{9C75ED61-1F29-4A04-AF8D-7B7D65C619DE}"
EndProject
Project("{FAE04EC0-301F-11D3-BF4B-00C04F79EFBC}") = "ET.WebAPI.BusinessLogic.Tests.Unit", "ET.WebAPI.BusinessLogic.Tests.Unit\ET.WebAPI.BusinessLogic.Tests.Unit.csproj", "{0AC09A12-0C13-4191-8042-E397B4D0341F}"
EndProject
Global
	GlobalSection(SolutionConfigurationPlatforms) = preSolution
		Debug|Any CPU = Debug|Any CPU
		Release|Any CPU = Release|Any CPU
	EndGlobalSection
	GlobalSection(ProjectConfigurationPlatforms) = postSolution
		{65BE5F20-5465-4240-B5A8-E850C3F33B2B}.Debug|Any CPU.ActiveCfg = Debug|Any CPU
		{65BE5F20-5465-4240-B5A8-E850C3F33B2B}.Debug|Any CPU.Build.0 = Debug|Any CPU
		{65BE5F20-5465-4240-B5A8-E850C3F33B2B}.Release|Any CPU.ActiveCfg = Release|Any CPU
		{65BE5F20-5465-4240-B5A8-E850C3F33B2B}.Release|Any CPU.Build.0 = Release|Any CPU
		{27EF4FD2-8E07-470B-AD8B-3F49ABA7A697}.Debug|Any CPU.ActiveCfg = Debug|Any CPU
		{27EF4FD2-8E07-470B-AD8B-3F49ABA7A697}.Debug|Any CPU.Build.0 = Debug|Any CPU
		{27EF4FD2-8E07-470B-AD8B-3F49ABA7A697}.Release|Any CPU.ActiveCfg = Release|Any CPU
		{27EF4FD2-8E07-470B-AD8B-3F49ABA7A697}.Release|Any CPU.Build.0 = Release|Any CPU
		{5F27D33B-CE9A-44FE-82E6-5C58DB67AB48}.Debug|Any CPU.ActiveCfg = Debug|Any CPU
		{5F27D33B-CE9A-44FE-82E6-5C58DB67AB48}.Debug|Any CPU.Build.0 = Debug|Any CPU
		{5F27D33B-CE9A-44FE-82E6-5C58DB67AB48}.Release|Any CPU.ActiveCfg = Release|Any CPU
		{5F27D33B-CE9A-44FE-82E6-5C58DB67AB48}.Release|Any CPU.Build.0 = Release|Any CPU
		{04CB4DCB-E026-48BC-B2A7-02A2D88C9293}.Debug|Any CPU.ActiveCfg = Debug|Any CPU
		{04CB4DCB-E026-48BC-B2A7-02A2D88C9293}.Debug|Any CPU.Build.0 = Debug|Any CPU
		{04CB4DCB-E026-48BC-B2A7-02A2D88C9293}.Release|Any CPU.ActiveCfg = Release|Any CPU
		{04CB4DCB-E026-48BC-B2A7-02A2D88C9293}.Release|Any CPU.Build.0 = Release|Any CPU
		{9B1FF0F6-AC63-4F82-ADBE-8F57D6A0D2A6}.Debug|Any CPU.ActiveCfg = Debug|Any CPU
		{9B1FF0F6-AC63-4F82-ADBE-8F57D6A0D2A6}.Debug|Any CPU.Build.0 = Debug|Any CPU
		{9B1FF0F6-AC63-4F82-ADBE-8F57D6A0D2A6}.Release|Any CPU.ActiveCfg = Release|Any CPU
		{9B1FF0F6-AC63-4F82-ADBE-8F57D6A0D2A6}.Release|Any CPU.Build.0 = Release|Any CPU
		{9C75ED61-1F29-4A04-AF8D-7B7D65C619DE}.Debug|Any CPU.ActiveCfg = Debug|Any CPU
		{9C75ED61-1F29-4A04-AF8D-7B7D65C619DE}.Debug|Any CPU.Build.0 = Debug|Any CPU
		{9C75ED61-1F29-4A04-AF8D-7B7D65C619DE}.Release|Any CPU.ActiveCfg = Release|Any CPU
		{9C75ED61-1F29-4A04-AF8D-7B7D65C619DE}.Release|Any CPU.Build.0 = Release|Any CPU
		{0AC09A12-0C13-4191-8042-E397B4D0341F}.Debug|Any CPU.ActiveCfg = Debug|Any CPU
		{0AC09A12-0C13-4191-8042-E397B4D0341F}.Debug|Any CPU.Build.0 = Debug|Any CPU
		{0AC09A12-0C13-4191-8042-E397B4D0341F}.Release|Any CPU.ActiveCfg = Release|Any CPU
		{0AC09A12-0C13-4191-8042-E397B4D0341F}.Release|Any CPU.Build.0 = Release|Any CPU
	EndGlobalSection
EndGlobal
